// !$*UTF8*$!
{
	archiveVersion = 1;
	classes = {
	};
	objectVersion = 46;
	objects = {

/* Begin PBXBuildFile section */
		D1C222A51DBCEC570084156E /* AppDelegate.swift in Sources */ = {isa = PBXBuildFile; fileRef = D1C222A41DBCEC570084156E /* AppDelegate.swift */; };
		D1C222A71DBCEC570084156E /* ViewController.swift in Sources */ = {isa = PBXBuildFile; fileRef = D1C222A61DBCEC570084156E /* ViewController.swift */; };
		D1C222AA1DBCEC570084156E /* Main.storyboard in Resources */ = {isa = PBXBuildFile; fileRef = D1C222A81DBCEC570084156E /* Main.storyboard */; };
		D1C222AC1DBCEC570084156E /* Assets.xcassets in Resources */ = {isa = PBXBuildFile; fileRef = D1C222AB1DBCEC570084156E /* Assets.xcassets */; };
		D1C222AF1DBCEC570084156E /* LaunchScreen.storyboard in Resources */ = {isa = PBXBuildFile; fileRef = D1C222AD1DBCEC570084156E /* LaunchScreen.storyboard */; };
/* End PBXBuildFile section */

/* Begin PBXFileReference section */
		D1C222A11DBCEC570084156E /* HebrewTik.app */ = {isa = PBXFileReference; explicitFileType = wrapper.application; includeInIndex = 0; path = HebrewTik.app; sourceTree = BUILT_PRODUCTS_DIR; };
		D1C222A41DBCEC570084156E /* AppDelegate.swift */ = {isa = PBXFileReference; lastKnownFileType = sourcecode.swift; path = AppDelegate.swift; sourceTree = "<group>"; };
		D1C222A61DBCEC570084156E /* ViewController.swift */ = {isa = PBXFileReference; lastKnownFileType = sourcecode.swift; path = ViewController.swift; sourceTree = "<group>"; };
		D1C222A91DBCEC570084156E /* Base */ = {isa = PBXFileReference; lastKnownFileType = file.storyboard; name = Base; path = Base.lproj/Main.storyboard; sourceTree = "<group>"; };
		D1C222AB1DBCEC570084156E /* Assets.xcassets */ = {isa = PBXFileReference; lastKnownFileType = folder.assetcatalog; path = Assets.xcassets; sourceTree = "<group>"; };
		D1C222AE1DBCEC570084156E /* Base */ = {isa = PBXFileReference; lastKnownFileType = file.storyboard; name = Base; path = Base.lproj/LaunchScreen.storyboard; sourceTree = "<group>"; };
		D1C222B01DBCEC570084156E /* Info.plist */ = {isa = PBXFileReference; lastKnownFileType = text.plist.xml; path = Info.plist; sourceTree = "<group>"; };
/* End PBXFileReference section */

/* Begin PBXFrameworksBuildPhase section */
		D1C2229E1DBCEC570084156E /* Frameworks */ = {
			isa = PBXFrameworksBuildPhase;
			buildActionMask = 2147483647;
			files = (
			);
			runOnlyForDeploymentPostprocessing = 0;
		};
/* End PBXFrameworksBuildPhase section */

/* Begin PBXGroup section */
		D1C222981DBCEC570084156E = {
			isa = PBXGroup;
			children = (
				D1C222A31DBCEC570084156E /* HebrewTik */,
				D1C222A21DBCEC570084156E /* Products */,
			);
			sourceTree = "<group>";
		};
		D1C222A21DBCEC570084156E /* Products */ = {
			isa = PBXGroup;
			children = (
				D1C222A11DBCEC570084156E /* HebrewTik.app */,
			);
			name = Products;
			sourceTree = "<group>";
		};
		D1C222A31DBCEC570084156E /* HebrewTik */ = {
			isa = PBXGroup;
			children = (
				D1C222A41DBCEC570084156E /* AppDelegate.swift */,
				D1C222A61DBCEC570084156E /* ViewController.swift */,
				D1C222A81DBCEC570084156E /* Main.storyboard */,
				D1C222AB1DBCEC570084156E /* Assets.xcassets */,
				D1C222AD1DBCEC570084156E /* LaunchScreen.storyboard */,
				D1C222B01DBCEC570084156E /* Info.plist */,
			);
			path = HebrewTik;
			sourceTree = "<group>";
		};
/* End PBXGroup section */

/* Begin PBXNativeTarget section */
		D1C222A01DBCEC570084156E /* HebrewTik */ = {
			isa = PBXNativeTarget;
			buildConfigurationList = D1C222B31DBCEC570084156E /* Build configuration list for PBXNativeTarget "HebrewTik" */;
			buildPhases = (
				D1C2229D1DBCEC570084156E /* Sources */,
				D1C2229E1DBCEC570084156E /* Frameworks */,
				D1C2229F1DBCEC570084156E /* Resources */,
			);
			buildRules = (
			);
			dependencies = (
			);
			name = HebrewTik;
			productName = HebrewTik;
			productReference = D1C222A11DBCEC570084156E /* HebrewTik.app */;
			productType = "com.apple.product-type.application";
		};
/* End PBXNativeTarget section */

/* Begin PBXProject section */
		D1C222991DBCEC570084156E /* Project object */ = {
			isa = PBXProject;
			attributes = {
				LastSwiftUpdateCheck = 0800;
				LastUpgradeCheck = 0800;
				ORGANIZATIONNAME = "Laura Evans";
				TargetAttributes = {
					D1C222A01DBCEC570084156E = {
						CreatedOnToolsVersion = 8.0;
						ProvisioningStyle = Automatic;
					};
				};
			};
			buildConfigurationList = D1C2229C1DBCEC570084156E /* Build configuration list for PBXProject "HebrewTik" */;
			compatibilityVersion = "Xcode 3.2";
			developmentRegion = English;
			hasScannedForEncodings = 0;
			knownRegions = (
				en,
				Base,
			);
			mainGroup = D1C222981DBCEC570084156E;
			productRefGroup = D1C222A21DBCEC570084156E /* Products */;
			projectDirPath = "";
			projectRoot = "";
			targets = (
				D1C222A01DBCEC570084156E /* HebrewTik */,
			);
		};
/* End PBXProject section */

/* Begin PBXResourcesBuildPhase section */
		D1C2229F1DBCEC570084156E /* Resources */ = {
			isa = PBXResourcesBuildPhase;
			buildActionMask = 2147483647;
			files = (
				D1C222AF1DBCEC570084156E /* LaunchScreen.storyboard in Resources */,
				D1C222AC1DBCEC570084156E /* Assets.xcassets in Resources */,
				D1C222AA1DBCEC570084156E /* Main.storyboard in Resources */,
			);
			runOnlyForDeploymentPostprocessing = 0;
		};
/* End PBXResourcesBuildPhase section */

/* Begin PBXSourcesBuildPhase section */
		D1C2229D1DBCEC570084156E /* Sources */ = {
			isa = PBXSourcesBuildPhase;
			buildActionMask = 2147483647;
			files = (
				D1C222A71DBCEC570084156E /* ViewController.swift in Sources */,
				D1C222A51DBCEC570084156E /* AppDelegate.swift in Sources */,
			);
			runOnlyForDeploymentPostprocessing = 0;
		};
/* End PBXSourcesBuildPhase section */

/* Begin PBXVariantGroup section */
		D1C222A81DBCEC570084156E /* Main.storyboard */ = {
			isa = PBXVariantGroup;
			children = (
				D1C222A91DBCEC570084156E /* Base */,
			);
			name = Main.storyboard;
			sourceTree = "<group>";
		};
		D1C222AD1DBCEC570084156E /* LaunchScreen.storyboard */ = {
			isa = PBXVariantGroup;
			children = (
				D1C222AE1DBCEC570084156E /* Base */,
			);
			name = LaunchScreen.storyboard;
			sourceTree = "<group>";
		};
/* End PBXVariantGroup section */

/* Begin XCBuildConfiguration section */
		D1C222B11DBCEC570084156E /* Debug */ = {
			isa = XCBuildConfiguration;
			buildSettings = {
				ALWAYS_SEARCH_USER_PATHS = NO;
				CLANG_ANALYZER_NONNULL = YES;
				CLANG_CXX_LANGUAGE_STANDARD = "gnu++0x";
				CLANG_CXX_LIBRARY = "libc++";
				CLANG_ENABLE_MODULES = YES;
				CLANG_ENABLE_OBJC_ARC = YES;
				CLANG_WARN_BOOL_CONVERSION = YES;
				CLANG_WARN_CONSTANT_CONVERSION = YES;
				CLANG_WARN_DIRECT_OBJC_ISA_USAGE = YES_ERROR;
				CLANG_WARN_DOCUMENTATION_COMMENTS = YES;
				CLANG_WARN_EMPTY_BODY = YES;
				CLANG_WARN_ENUM_CONVERSION = YES;
				CLANG_WARN_INFINITE_RECURSION = YES;
				CLANG_WARN_INT_CONVERSION = YES;
				CLANG_WARN_OBJC_ROOT_CLASS = YES_ERROR;
				CLANG_WARN_SUSPICIOUS_MOVES = YES;
				CLANG_WARN_UNREACHABLE_CODE = YES;
				CLANG_WARN__DUPLICATE_METHOD_MATCH = YES;
				"CODE_SIGN_IDENTITY[sdk=iphoneos*]" = "iPhone Developer";
				COPY_PHASE_STRIP = NO;
				DEBUG_INFORMATION_FORMAT = dwarf;
				ENABLE_STRICT_OBJC_MSGSEND = YES;
				ENABLE_TESTABILITY = YES;
				GCC_C_LANGUAGE_STANDARD = gnu99;
				GCC_DYNAMIC_NO_PIC = NO;
				GCC_NO_COMMON_BLOCKS = YES;
				GCC_OPTIMIZATION_LEVEL = 0;
				GCC_PREPROCESSOR_DEFINITIONS = (
					"DEBUG=1",
					"$(inherited)",
				);
				GCC_WARN_64_TO_32_BIT_CONVERSION = YES;
				GCC_WARN_ABOUT_RETURN_TYPE = YES_ERROR;
				GCC_WARN_UNDECLARED_SELECTOR = YES;
				GCC_WARN_UNINITIALIZED_AUTOS = YES_AGGRESSIVE;
				GCC_WARN_UNUSED_FUNCTION = YES;
				GCC_WARN_UNUSED_VARIABLE = YES;
				IPHONEOS_DEPLOYMENT_TARGET = 10.0;
				MTL_ENABLE_DEBUG_INFO = YES;
				ONLY_ACTIVE_ARCH = YES;
				SDKROOT = iphoneos;
				SWIFT_ACTIVE_COMPILATION_CONDITIONS = DEBUG;
				SWIFT_OPTIMIZATION_LEVEL = "-Onone";
			};
			name = Debug;
		};
		D1C222B21DBCEC570084156E /* Release */ = {
			isa = XCBuildConfiguration;
			buildSettings = {
				ALWAYS_SEARCH_USER_PATHS = NO;
				CLANG_ANALYZER_NONNULL = YES;
				CLANG_CXX_LANGUAGE_STANDARD = "gnu++0x";
				CLANG_CXX_LIBRARY = "libc++";
				CLANG_ENABLE_MODULES = YES;
				CLANG_ENABLE_OBJC_ARC = YES;
				CLANG_WARN_BOOL_CONVERSION = YES;
				CLANG_WARN_CONSTANT_CONVERSION = YES;
				CLANG_WARN_DIRECT_OBJC_ISA_USAGE = YES_ERROR;
				CLANG_WARN_DOCUMENTATION_COMMENTS = YES;
				CLANG_WARN_EMPTY_BODY = YES;
				CLANG_WARN_ENUM_CONVERSION = YES;
				CLANG_WARN_INFINITE_RECURSION = YES;
				CLANG_WARN_INT_CONVERSION = YES;
				CLANG_WARN_OBJC_ROOT_CLASS = YES_ERROR;
				CLANG_WARN_SUSPICIOUS_MOVES = YES;
				CLANG_WARN_UNREACHABLE_CODE = YES;
				CLANG_WARN__DUPLICATE_METHOD_MATCH = YES;
				"CODE_SIGN_IDENTITY[sdk=iphoneos*]" = "iPhone Developer";
				COPY_PHASE_STRIP = NO;
				DEBUG_INFORMATION_FORMAT = "dwarf-with-dsym";
				ENABLE_NS_ASSERTIONS = NO;
				ENABLE_STRICT_OBJC_MSGSEND = YES;
				GCC_C_LANGUAGE_STANDARD = gnu99;
				GCC_NO_COMMON_BLOCKS = YES;
				GCC_WARN_64_TO_32_BIT_CONVERSION = YES;
				GCC_WARN_ABOUT_RETURN_TYPE = YES_ERROR;
				GCC_WARN_UNDECLARED_SELECTOR = YES;
				GCC_WARN_UNINITIALIZED_AUTOS = YES_AGGRESSIVE;
				GCC_WARN_UNUSED_FUNCTION = YES;
				GCC_WARN_UNUSED_VARIABLE = YES;
				IPHONEOS_DEPLOYMENT_TARGET = 10.0;
				MTL_ENABLE_DEBUG_INFO = NO;
				SDKROOT = iphoneos;
				SWIFT_OPTIMIZATION_LEVEL = "-Owholemodule";
				VALIDATE_PRODUCT = YES;
			};
			name = Release;
		};
		D1C222B41DBCEC570084156E /* Debug */ = {
			isa = XCBuildConfiguration;
			buildSettings = {
				ASSETCATALOG_COMPILER_APPICON_NAME = AppIcon;
				INFOPLIST_FILE = HebrewTik/Info.plist;
				LD_RUNPATH_SEARCH_PATHS = "$(inherited) @executable_path/Frameworks";
				PRODUCT_BUNDLE_IDENTIFIER = "com.Laura-Evans.HebrewTik";
				PRODUCT_NAME = "$(TARGET_NAME)";
				SWIFT_VERSION = 3.0;
			};
			name = Debug;
		};
		D1C222B51DBCEC570084156E /* Release */ = {
			isa = XCBuildConfiguration;
			buildSettings = {
				ASSETCATALOG_COMPILER_APPICON_NAME = AppIcon;
				INFOPLIST_FILE = HebrewTik/Info.plist;
				LD_RUNPATH_SEARCH_PATHS = "$(inherited) @executable_path/Frameworks";
				PRODUCT_BUNDLE_IDENTIFIER = "com.Laura-Evans.HebrewTik";
				PRODUCT_NAME = "$(TARGET_NAME)";
				SWIFT_VERSION = 3.0;
			};
			name = Release;
		};
/* End XCBuildConfiguration section */

/* Begin XCConfigurationList section */
		D1C2229C1DBCEC570084156E /* Build configuration list for PBXProject "HebrewTik" */ = {
			isa = XCConfigurationList;
			buildConfigurations = (
				D1C222B11DBCEC570084156E /* Debug */,
				D1C222B21DBCEC570084156E /* Release */,
			);
			defaultConfigurationIsVisible = 0;
			defaultConfigurationName = Release;
		};
		D1C222B31DBCEC570084156E /* Build configuration list for PBXNativeTarget "HebrewTik" */ = {
			isa = XCConfigurationList;
			buildConfigurations = (
				D1C222B41DBCEC570084156E /* Debug */,
				D1C222B51DBCEC570084156E /* Release */,
			);
			defaultConfigurationIsVisible = 0;
		};
/* End XCConfigurationList section */
	};
	rootObject = D1C222991DBCEC570084156E /* Project object */;
}
